
Microsoft Visual Studio Solution File, Format Version 12.00
# Visual Studio Version 17
VisualStudioVersion = 17.9.34728.123
MinimumVisualStudioVersion = 10.0.40219.1
Project("{2150E333-8FDC-42A3-9474-1A3956D46DE8}") = "FrontEnd", "FrontEnd", "{FC4274F0-109A-46A6-9A9D-FF5BC8521092}"
EndProject
Project("{2150E333-8FDC-42A3-9474-1A3956D46DE8}") = "Gateway", "Gateway", "{29A27E45-FA01-406E-849A-2AD20ED21D37}"
EndProject
Project("{2150E333-8FDC-42A3-9474-1A3956D46DE8}") = "Integration", "Integration", "{D9DE9B7C-07CD-4626-841F-23D1ED70ADB8}"
EndProject
Project("{2150E333-8FDC-42A3-9474-1A3956D46DE8}") = "Services", "Services", "{1DAEBFD8-BDA8-4838-9994-4A3D3AC4C465}"
EndProject
Project("{9A19103F-16F7-4668-BE54-9A1E7A4F7556}") = "Mango.Services.CouponAPI", "Mango.Services.CouponAPI\Mango.Services.CouponAPI.csproj", "{EE6BE2EF-61C4-4529-8904-BCC0926FA333}"
EndProject
Project("{9A19103F-16F7-4668-BE54-9A1E7A4F7556}") = "Mango.Web", "Mango.Web\Mango.Web.csproj", "{2ECBBC8A-87E8-4AC0-BFE9-5595E8899546}"
EndProject
Project("{9A19103F-16F7-4668-BE54-9A1E7A4F7556}") = "Mango.Services.AuthAPI", "Mango.Services.AuthAPI\Mango.Services.AuthAPI.csproj", "{E27006E4-45A5-4379-8C28-42E1A83C366F}"
EndProject
Project("{9A19103F-16F7-4668-BE54-9A1E7A4F7556}") = "Mango.Services.ProductAPI", "Mango.Services.ProductAPI\Mango.Services.ProductAPI.csproj", "{D2A920F3-A8B2-41A6-93F2-833359368DD5}"
EndProject
Project("{FAE04EC0-301F-11D3-BF4B-00C04F79EFBC}") = "Mango.Services.ShoppingCardAPI", "Mango.Services.ShoppingCardAPI\Mango.Services.ShoppingCardAPI.csproj", "{2D6E5ABB-1068-4F8F-9031-661B2BCF9894}"
EndProject
Global
	GlobalSection(SolutionConfigurationPlatforms) = preSolution
		Debug|Any CPU = Debug|Any CPU
		Release|Any CPU = Release|Any CPU
	EndGlobalSection
	GlobalSection(ProjectConfigurationPlatforms) = postSolution
		{EE6BE2EF-61C4-4529-8904-BCC0926FA333}.Debug|Any CPU.ActiveCfg = Debug|Any CPU
		{EE6BE2EF-61C4-4529-8904-BCC0926FA333}.Debug|Any CPU.Build.0 = Debug|Any CPU
		{EE6BE2EF-61C4-4529-8904-BCC0926FA333}.Release|Any CPU.ActiveCfg = Release|Any CPU
		{EE6BE2EF-61C4-4529-8904-BCC0926FA333}.Release|Any CPU.Build.0 = Release|Any CPU
		{2ECBBC8A-87E8-4AC0-BFE9-5595E8899546}.Debug|Any CPU.ActiveCfg = Debug|Any CPU
		{2ECBBC8A-87E8-4AC0-BFE9-5595E8899546}.Debug|Any CPU.Build.0 = Debug|Any CPU
		{2ECBBC8A-87E8-4AC0-BFE9-5595E8899546}.Release|Any CPU.ActiveCfg = Release|Any CPU
		{2ECBBC8A-87E8-4AC0-BFE9-5595E8899546}.Release|Any CPU.Build.0 = Release|Any CPU
		{E27006E4-45A5-4379-8C28-42E1A83C366F}.Debug|Any CPU.ActiveCfg = Debug|Any CPU
		{E27006E4-45A5-4379-8C28-42E1A83C366F}.Debug|Any CPU.Build.0 = Debug|Any CPU
		{E27006E4-45A5-4379-8C28-42E1A83C366F}.Release|Any CPU.ActiveCfg = Release|Any CPU
		{E27006E4-45A5-4379-8C28-42E1A83C366F}.Release|Any CPU.Build.0 = Release|Any CPU
		{D2A920F3-A8B2-41A6-93F2-833359368DD5}.Debug|Any CPU.ActiveCfg = Debug|Any CPU
		{D2A920F3-A8B2-41A6-93F2-833359368DD5}.Debug|Any CPU.Build.0 = Debug|Any CPU
		{D2A920F3-A8B2-41A6-93F2-833359368DD5}.Release|Any CPU.ActiveCfg = Release|Any CPU
		{D2A920F3-A8B2-41A6-93F2-833359368DD5}.Release|Any CPU.Build.0 = Release|Any CPU
		{2D6E5ABB-1068-4F8F-9031-661B2BCF9894}.Debug|Any CPU.ActiveCfg = Debug|Any CPU
		{2D6E5ABB-1068-4F8F-9031-661B2BCF9894}.Debug|Any CPU.Build.0 = Debug|Any CPU
		{2D6E5ABB-1068-4F8F-9031-661B2BCF9894}.Release|Any CPU.ActiveCfg = Release|Any CPU
		{2D6E5ABB-1068-4F8F-9031-661B2BCF9894}.Release|Any CPU.Build.0 = Release|Any CPU
	EndGlobalSection
	GlobalSection(SolutionProperties) = preSolution
		HideSolutionNode = FALSE
	EndGlobalSection
	GlobalSection(NestedProjects) = preSolution
		{EE6BE2EF-61C4-4529-8904-BCC0926FA333} = {1DAEBFD8-BDA8-4838-9994-4A3D3AC4C465}
		{2ECBBC8A-87E8-4AC0-BFE9-5595E8899546} = {FC4274F0-109A-46A6-9A9D-FF5BC8521092}
		{E27006E4-45A5-4379-8C28-42E1A83C366F} = {1DAEBFD8-BDA8-4838-9994-4A3D3AC4C465}
		{D2A920F3-A8B2-41A6-93F2-833359368DD5} = {1DAEBFD8-BDA8-4838-9994-4A3D3AC4C465}
		{2D6E5ABB-1068-4F8F-9031-661B2BCF9894} = {1DAEBFD8-BDA8-4838-9994-4A3D3AC4C465}
	EndGlobalSection
	GlobalSection(ExtensibilityGlobals) = postSolution
		SolutionGuid = {14DEBFE4-8A19-4FDE-B64C-D3A7BD416FAB}
	EndGlobalSection
EndGlobal
